
Microsoft Visual Studio Solution File, Format Version 12.00
# Visual Studio Version 17
VisualStudioVersion = 17.13.35931.197 d17.13
MinimumVisualStudioVersion = 10.0.40219.1
Project("{FAE04EC0-301F-11D3-BF4B-00C04F79EFBC}") = "api tema1.Api", "api tema1.Api\api tema1.Api.csproj", "{FF000C8B-8EA9-4E63-8643-64AAAF741E67}"
EndProject
Project("{FAE04EC0-301F-11D3-BF4B-00C04F79EFBC}") = "api tema1.Core", "api tema1.Core\api tema1.Core.csproj", "{8C59C99F-79EB-4E75-AC3C-E5B4CDD48354}"
EndProject
Project("{FAE04EC0-301F-11D3-BF4B-00C04F79EFBC}") = "api tema1.Database", "api tema1.Database\api tema1.Database.csproj", "{D19EDBA2-CDCA-4917-9879-2157B2F52137}"
EndProject
Project("{FAE04EC0-301F-11D3-BF4B-00C04F79EFBC}") = "api tema1.Infrastructure", "api tema1.Infrastructure\api tema1.Infrastructure.csproj", "{C0B99742-4207-428C-AA9E-F72BCF73810A}"
EndProject
Global
	GlobalSection(SolutionConfigurationPlatforms) = preSolution
		Debug|Any CPU = Debug|Any CPU
		Release|Any CPU = Release|Any CPU
	EndGlobalSection
	GlobalSection(ProjectConfigurationPlatforms) = postSolution
		{FF000C8B-8EA9-4E63-8643-64AAAF741E67}.Debug|Any CPU.ActiveCfg = Debug|Any CPU
		{FF000C8B-8EA9-4E63-8643-64AAAF741E67}.Debug|Any CPU.Build.0 = Debug|Any CPU
		{FF000C8B-8EA9-4E63-8643-64AAAF741E67}.Release|Any CPU.ActiveCfg = Release|Any CPU
		{FF000C8B-8EA9-4E63-8643-64AAAF741E67}.Release|Any CPU.Build.0 = Release|Any CPU
		{8C59C99F-79EB-4E75-AC3C-E5B4CDD48354}.Debug|Any CPU.ActiveCfg = Debug|Any CPU
		{8C59C99F-79EB-4E75-AC3C-E5B4CDD48354}.Debug|Any CPU.Build.0 = Debug|Any CPU
		{8C59C99F-79EB-4E75-AC3C-E5B4CDD48354}.Release|Any CPU.ActiveCfg = Release|Any CPU
		{8C59C99F-79EB-4E75-AC3C-E5B4CDD48354}.Release|Any CPU.Build.0 = Release|Any CPU
		{D19EDBA2-CDCA-4917-9879-2157B2F52137}.Debug|Any CPU.ActiveCfg = Debug|Any CPU
		{D19EDBA2-CDCA-4917-9879-2157B2F52137}.Debug|Any CPU.Build.0 = Debug|Any CPU
		{D19EDBA2-CDCA-4917-9879-2157B2F52137}.Release|Any CPU.ActiveCfg = Release|Any CPU
		{D19EDBA2-CDCA-4917-9879-2157B2F52137}.Release|Any CPU.Build.0 = Release|Any CPU
		{C0B99742-4207-428C-AA9E-F72BCF73810A}.Debug|Any CPU.ActiveCfg = Debug|Any CPU
		{C0B99742-4207-428C-AA9E-F72BCF73810A}.Debug|Any CPU.Build.0 = Debug|Any CPU
		{C0B99742-4207-428C-AA9E-F72BCF73810A}.Release|Any CPU.ActiveCfg = Release|Any CPU
		{C0B99742-4207-428C-AA9E-F72BCF73810A}.Release|Any CPU.Build.0 = Release|Any CPU
	EndGlobalSection
	GlobalSection(SolutionProperties) = preSolution
		HideSolutionNode = FALSE
	EndGlobalSection
	GlobalSection(ExtensibilityGlobals) = postSolution
		SolutionGuid = {37698C5B-CBE2-4291-8563-17F520571D3E}
	EndGlobalSection
EndGlobal
